
Microsoft Visual Studio Solution File, Format Version 12.00
# Visual Studio Version 16
VisualStudioVersion = 16.0.30611.23
MinimumVisualStudioVersion = 10.0.40219.1
Project("{FAE04EC0-301F-11D3-BF4B-00C04F79EFBC}") = "AWeb", "AWeb\AWeb.csproj", "{04284280-C64A-49D5-AC44-0FDA9BD3138B}"
EndProject
Global
	GlobalSection(SolutionConfigurationPlatforms) = preSolution
		Debug|Any CPU = Debug|Any CPU
		Release|Any CPU = Release|Any CPU
	EndGlobalSection
	GlobalSection(ProjectConfigurationPlatforms) = postSolution
		{04284280-C64A-49D5-AC44-0FDA9BD3138B}.Debug|Any CPU.ActiveCfg = Debug|Any CPU
		{04284280-C64A-49D5-AC44-0FDA9BD3138B}.Debug|Any CPU.Build.0 = Debug|Any CPU
		{04284280-C64A-49D5-AC44-0FDA9BD3138B}.Release|Any CPU.ActiveCfg = Release|Any CPU
		{04284280-C64A-49D5-AC44-0FDA9BD3138B}.Release|Any CPU.Build.0 = Release|Any CPU
	EndGlobalSection
	GlobalSection(SolutionProperties) = preSolution
		HideSolutionNode = FALSE
	EndGlobalSection
	GlobalSection(ExtensibilityGlobals) = postSolution
		SolutionGuid = {4F19F3F0-7CA0-41AE-927F-50D9151D316C}
	EndGlobalSection
EndGlobal
